
Microsoft Visual Studio Solution File, Format Version 12.00
# Visual Studio Version 16
VisualStudioVersion = 16.0.28803.452
MinimumVisualStudioVersion = 10.0.40219.1
Project("{FAE04EC0-301F-11D3-BF4B-00C04F79EFBC}") = "TestCoverageConsole", "TestCoverageConsole\TestCoverageConsole.csproj", "{5AEC8130-3CC9-4FF8-AD3B-6AD98A1FA27D}"
EndProject
Project("{FAE04EC0-301F-11D3-BF4B-00C04F79EFBC}") = "TestCoverage", "TestCoverage\TestCoverage.csproj", "{D8402978-F4BA-415A-8300-F88CE0CAD9FD}"
EndProject
Project("{FAE04EC0-301F-11D3-BF4B-00C04F79EFBC}") = "Internals.AuditVariables", "Internals.AuditVariables\Internals.AuditVariables.csproj", "{A3676D41-511D-44C5-9EAD-3ADDF7497BD7}"
EndProject
Project("{FAE04EC0-301F-11D3-BF4B-00C04F79EFBC}") = "LiveCoverageVsPlugin", "LiveCoverageVsPlugin\LiveCoverageVsPlugin.csproj", "{29EEC58A-63CD-451F-B519-5C7033C6BD92}"
EndProject
Project("{FAE04EC0-301F-11D3-BF4B-00C04F79EFBC}") = "TestCoverage.Tests", "TestCoverage.Tests\TestCoverage.Tests.csproj", "{08185603-6564-423D-8CAA-C6C16DEDF0F7}"
EndProject
Project("{FAE04EC0-301F-11D3-BF4B-00C04F79EFBC}") = "LiveCoverageVsPlugin.Tests", "LiveCoverageVsPlugin.Tests\LiveCoverageVsPlugin.Tests.csproj", "{8E2B91EA-181C-402E-A99F-BA636D93B182}"
EndProject
Project("{2150E333-8FDC-42A3-9474-1A3956D46DE8}") = "Utils", "Utils", "{27A39F63-3914-45C9-ADE1-B4F2EF0E7445}"
EndProject
Project("{FAE04EC0-301F-11D3-BF4B-00C04F79EFBC}") = "PerformanceMetricsParser", "PerformanceMetricsParser\PerformanceMetricsParser.csproj", "{1446BE56-5DFB-408D-B8DC-75A57F71DF72}"
EndProject
Global
	GlobalSection(SolutionConfigurationPlatforms) = preSolution
		Debug|Any CPU = Debug|Any CPU
		Release|Any CPU = Release|Any CPU
	EndGlobalSection
	GlobalSection(ProjectConfigurationPlatforms) = postSolution
		{5AEC8130-3CC9-4FF8-AD3B-6AD98A1FA27D}.Debug|Any CPU.ActiveCfg = Debug|Any CPU
		{5AEC8130-3CC9-4FF8-AD3B-6AD98A1FA27D}.Debug|Any CPU.Build.0 = Debug|Any CPU
		{5AEC8130-3CC9-4FF8-AD3B-6AD98A1FA27D}.Release|Any CPU.ActiveCfg = Release|Any CPU
		{5AEC8130-3CC9-4FF8-AD3B-6AD98A1FA27D}.Release|Any CPU.Build.0 = Release|Any CPU
		{D8402978-F4BA-415A-8300-F88CE0CAD9FD}.Debug|Any CPU.ActiveCfg = Debug|Any CPU
		{D8402978-F4BA-415A-8300-F88CE0CAD9FD}.Debug|Any CPU.Build.0 = Debug|Any CPU
		{D8402978-F4BA-415A-8300-F88CE0CAD9FD}.Release|Any CPU.ActiveCfg = Release|Any CPU
		{D8402978-F4BA-415A-8300-F88CE0CAD9FD}.Release|Any CPU.Build.0 = Release|Any CPU
		{A3676D41-511D-44C5-9EAD-3ADDF7497BD7}.Debug|Any CPU.ActiveCfg = Debug|Any CPU
		{A3676D41-511D-44C5-9EAD-3ADDF7497BD7}.Debug|Any CPU.Build.0 = Debug|Any CPU
		{A3676D41-511D-44C5-9EAD-3ADDF7497BD7}.Release|Any CPU.ActiveCfg = Release|Any CPU
		{A3676D41-511D-44C5-9EAD-3ADDF7497BD7}.Release|Any CPU.Build.0 = Release|Any CPU
		{29EEC58A-63CD-451F-B519-5C7033C6BD92}.Debug|Any CPU.ActiveCfg = Debug|Any CPU
		{29EEC58A-63CD-451F-B519-5C7033C6BD92}.Debug|Any CPU.Build.0 = Debug|Any CPU
		{29EEC58A-63CD-451F-B519-5C7033C6BD92}.Release|Any CPU.ActiveCfg = Release|Any CPU
		{29EEC58A-63CD-451F-B519-5C7033C6BD92}.Release|Any CPU.Build.0 = Release|Any CPU
		{08185603-6564-423D-8CAA-C6C16DEDF0F7}.Debug|Any CPU.ActiveCfg = Debug|Any CPU
		{08185603-6564-423D-8CAA-C6C16DEDF0F7}.Debug|Any CPU.Build.0 = Debug|Any CPU
		{08185603-6564-423D-8CAA-C6C16DEDF0F7}.Release|Any CPU.ActiveCfg = Release|Any CPU
		{08185603-6564-423D-8CAA-C6C16DEDF0F7}.Release|Any CPU.Build.0 = Release|Any CPU
		{8E2B91EA-181C-402E-A99F-BA636D93B182}.Debug|Any CPU.ActiveCfg = Debug|Any CPU
		{8E2B91EA-181C-402E-A99F-BA636D93B182}.Debug|Any CPU.Build.0 = Debug|Any CPU
		{8E2B91EA-181C-402E-A99F-BA636D93B182}.Release|Any CPU.ActiveCfg = Release|Any CPU
		{8E2B91EA-181C-402E-A99F-BA636D93B182}.Release|Any CPU.Build.0 = Release|Any CPU
		{1446BE56-5DFB-408D-B8DC-75A57F71DF72}.Debug|Any CPU.ActiveCfg = Debug|Any CPU
		{1446BE56-5DFB-408D-B8DC-75A57F71DF72}.Debug|Any CPU.Build.0 = Debug|Any CPU
		{1446BE56-5DFB-408D-B8DC-75A57F71DF72}.Release|Any CPU.ActiveCfg = Release|Any CPU
		{1446BE56-5DFB-408D-B8DC-75A57F71DF72}.Release|Any CPU.Build.0 = Release|Any CPU
	EndGlobalSection
	GlobalSection(SolutionProperties) = preSolution
		HideSolutionNode = FALSE
	EndGlobalSection
	GlobalSection(NestedProjects) = preSolution
		{1446BE56-5DFB-408D-B8DC-75A57F71DF72} = {27A39F63-3914-45C9-ADE1-B4F2EF0E7445}
	EndGlobalSection
	GlobalSection(ExtensibilityGlobals) = postSolution
		SolutionGuid = {2A5F539F-6B18-4804-9704-EBE9F2AF1CFA}
	EndGlobalSection
EndGlobal
